{
    "version": 3,
    "terraform_version": "0.11.7",
    "serial": 7,
    "lineage": "aebcac9e-e884-cf9a-3ac4-6d825b76c1fa",
    "modules": [
        {
            "path": [
                "root"
            ],
            "outputs": {
                "disk_ids": {
                    "sensitive": false,
                    "type": "string",
                    "value": "d-hp3e45hf4t45kw9veprm"
                },
                "instance_ids": {
                    "sensitive": false,
                    "type": "string",
                    "value": "i-hp3e45hf4t45kw9riim0"
                },
                "security-groups-in vpc": {
                    "sensitive": false,
                    "type": "string",
                    "value": "sg-hp3gi4p3dbme35ohatfk"
                },
                "vpcs": {
                    "sensitive": false,
                    "type": "string",
                    "value": "TF-VPC"
                }
            },
            "resources": {
                "alicloud_disk.disks": {
                    "type": "alicloud_disk",
                    "depends_on": [
                        "data.alicloud_zones.default"
                    ],
                    "primary": {
                        "id": "d-hp3e45hf4t45kw9veprm",
                        "attributes": {
                            "availability_zone": "cn-huhehaote-a",
                            "category": "cloud_efficiency",
                            "description": "",
                            "encrypted": "false",
                            "id": "d-hp3e45hf4t45kw9veprm",
                            "name": "TF_ECS_Disk",
                            "size": "60",
                            "snapshot_id": "",
                            "status": "Available",
                            "tags.%": "2",
                            "tags.created_by": "Terraform",
                            "tags.created_from": "module-tf-alicloud-ecs-instance"
                        },
                        "meta": {},
                        "tainted": false
                    },
                    "deposed": [],
                    "provider": "provider.alicloud"
                },
                "alicloud_disk_attachment.disk_attach": {
                    "type": "alicloud_disk_attachment",
                    "depends_on": [
                        "alicloud_disk.disks.*",
                        "alicloud_instance.instances.*"
                    ],
                    "primary": {
                        "id": "d-hp3e45hf4t45kw9veprm:i-hp3e45hf4t45kw9riim0",
                        "attributes": {
                            "device_name": "/dev/xvdb",
                            "disk_id": "d-hp3e45hf4t45kw9veprm",
                            "id": "d-hp3e45hf4t45kw9veprm:i-hp3e45hf4t45kw9riim0",
                            "instance_id": "i-hp3e45hf4t45kw9riim0"
                        },
                        "meta": {},
                        "tainted": false
                    },
                    "deposed": [],
                    "provider": "provider.alicloud"
                },
                "alicloud_instance.instances": {
                    "type": "alicloud_instance",
                    "depends_on": [
                        "data.alicloud_images.default",
                        "data.alicloud_instance_types.default",
                        "data.alicloud_security_groups.group",
                        "data.alicloud_vswitches.subnets",
                        "data.alicloud_zones.default"
                    ],
                    "primary": {
                        "id": "i-hp3e45hf4t45kw9riim0",
                        "attributes": {
                            "availability_zone": "cn-huhehaote-a",
                            "description": "",
                            "host_name": "leo-alicloud",
                            "id": "i-hp3e45hf4t45kw9riim0",
                            "image_id": "centos_7_04_64_20G_alibase_201701015.vhd",
                            "instance_charge_type": "PostPaid",
                            "instance_name": "TF-ECS-Instance-by-leo",
                            "instance_type": "ecs.xn4.small",
                            "internet_charge_type": "PayByTraffic",
                            "internet_max_bandwidth_in": "0",
                            "internet_max_bandwidth_out": "10",
                            "key_name": "",
                            "password": "123456a?",
                            "private_ip": "172.16.0.190",
                            "public_ip": "39.104.115.136",
                            "role_name": "",
                            "security_groups.#": "1",
                            "security_groups.1991395298": "sg-hp3gi4p3dbme35ohatfk",
                            "spot_price_limit": "0",
                            "spot_strategy": "NoSpot",
                            "status": "Running",
                            "subnet_id": "vsw-hp364dcohcfk254gnxmoj",
                            "system_disk_category": "cloud_efficiency",
                            "system_disk_size": "50",
                            "tags.%": "2",
                            "tags.created_by": "Terraform",
                            "tags.created_from": "module-tf-alicloud-ecs-instance",
                            "vswitch_id": "vsw-hp364dcohcfk254gnxmoj"
                        },
                        "meta": {},
                        "tainted": false
                    },
                    "deposed": [],
                    "provider": "provider.alicloud"
                },
                "data.alicloud_images.default": {
                    "type": "alicloud_images",
                    "depends_on": [],
                    "primary": {
                        "id": "4121281084",
                        "attributes": {
                            "id": "4121281084",
                            "images.#": "1",
                            "images.0.architecture": "x86_64",
                            "images.0.creation_time": "2017-10-16T07:45:45Z",
                            "images.0.description": "",
                            "images.0.disk_device_mappings.#": "0",
                            "images.0.id": "centos_7_04_64_20G_alibase_201701015.vhd",
                            "images.0.image_id": "centos_7_04_64_20G_alibase_201701015.vhd",
                            "images.0.image_owner_alias": "system",
                            "images.0.image_version": "",
                            "images.0.is_copied": "false",
                            "images.0.is_self_shared": "",
                            "images.0.is_subscribed": "false",
                            "images.0.is_support_io_optimized": "true",
                            "images.0.name": "centos_7_04_64_20G_alibase_201701015.vhd",
                            "images.0.os_name": "CentOS  7.4 64位",
                            "images.0.os_type": "linux",
                            "images.0.platform": "CentOS",
                            "images.0.product_code": "",
                            "images.0.progress": "100%",
                            "images.0.size": "20",
                            "images.0.state": "Available",
                            "images.0.status": "Available",
                            "images.0.tags.%": "0",
                            "images.0.usage": "instance",
                            "most_recent": "true",
                            "name_regex": "centos_7_04_64_20G_alibase_201701015.vhd",
                            "owners": "system"
                        },
                        "meta": {},
                        "tainted": false
                    },
                    "deposed": [],
                    "provider": "provider.alicloud"
                },
                "data.alicloud_instance_types.default": {
                    "type": "alicloud_instance_types",
                    "depends_on": [],
                    "primary": {
                        "id": "2688208420",
                        "attributes": {
                            "cpu_core_count": "1",
                            "id": "2688208420",
                            "instance_types.#": "2",
                            "instance_types.0.cpu_core_count": "1",
                            "instance_types.0.family": "ecs.n4",
                            "instance_types.0.id": "ecs.n4.small",
                            "instance_types.0.memory_size": "2",
                            "instance_types.1.cpu_core_count": "1",
                            "instance_types.1.family": "ecs.t5",
                            "instance_types.1.id": "ecs.t5-lc1m2.small",
                            "instance_types.1.memory_size": "2",
                            "memory_size": "2"
                        },
                        "meta": {},
                        "tainted": false
                    },
                    "deposed": [],
                    "provider": "provider.alicloud"
                },
                "data.alicloud_security_groups.group": {
                    "type": "alicloud_security_groups",
                    "depends_on": [
                        "data.alicloud_vpcs.mul_vpc"
                    ],
                    "primary": {
                        "id": "2187784883",
                        "attributes": {
                            "groups.#": "1",
                            "groups.0.creation_time": "2018-05-02T08:32:46Z",
                            "groups.0.description": "TF_Security_Group",
                            "groups.0.id": "sg-hp3gi4p3dbme35ohatfk",
                            "groups.0.inner_access": "true",
                            "groups.0.name": "TF_Security_Group",
                            "groups.0.vpc_id": "vpc-hp3kgj1zrci1d73kcyjpr",
                            "id": "2187784883",
                            "vpc_id": "vpc-hp3kgj1zrci1d73kcyjpr"
                        },
                        "meta": {},
                        "tainted": false
                    },
                    "deposed": [],
                    "provider": "provider.alicloud"
                },
                "data.alicloud_vpcs.mul_vpc": {
                    "type": "alicloud_vpcs",
                    "depends_on": [],
                    "primary": {
                        "id": "3543291507",
                        "attributes": {
                            "cidr_block": "172.16.0.0/12",
                            "id": "3543291507",
                            "name_regex": "^TF",
                            "vpcs.#": "1",
                            "vpcs.0.cidr_block": "172.16.0.0/12",
                            "vpcs.0.creation_time": "2018-05-02T08:29:51Z",
                            "vpcs.0.description": "A new VPC created by Terrafrom module tf-alicloud-vpc-cluster",
                            "vpcs.0.id": "vpc-hp3kgj1zrci1d73kcyjpr",
                            "vpcs.0.is_default": "false",
                            "vpcs.0.region_id": "cn-huhehaote",
                            "vpcs.0.route_table_id": "vtb-hp3fo9v2lcp47vzrk4bpt",
                            "vpcs.0.status": "Available",
                            "vpcs.0.vpc_name": "TF-VPC",
                            "vpcs.0.vrouter_id": "vrt-hp3h7ewfhuckcqb67g3f4",
                            "vpcs.0.vswitch_ids.#": "1",
                            "vpcs.0.vswitch_ids.0": "vsw-hp364dcohcfk254gnxmoj"
                        },
                        "meta": {},
                        "tainted": false
                    },
                    "deposed": [],
                    "provider": "provider.alicloud"
                },
                "data.alicloud_vswitches.subnets": {
                    "type": "alicloud_vswitches",
                    "depends_on": [
                        "data.alicloud_vpcs.mul_vpc"
                    ],
                    "primary": {
                        "id": "479378449",
                        "attributes": {
                            "cidr_block": "172.16.0.0/24",
                            "id": "479378449",
                            "vpc_id": "vpc-hp3kgj1zrci1d73kcyjpr",
                            "vswitches.#": "1",
                            "vswitches.0.cidr_block": "172.16.0.0/24",
                            "vswitches.0.creation_time": "2018-05-02T08:29:58Z",
                            "vswitches.0.description": "New VSwitch created by Terrafrom module tf-alicloud-vpc-cluster.",
                            "vswitches.0.id": "vsw-hp364dcohcfk254gnxmoj",
                            "vswitches.0.instance_ids.#": "0",
                            "vswitches.0.is_default": "false",
                            "vswitches.0.name": "TF_VSwitch",
                            "vswitches.0.vpc_id": "vpc-hp3kgj1zrci1d73kcyjpr",
                            "vswitches.0.zone_id": "cn-huhehaote-a"
                        },
                        "meta": {},
                        "tainted": false
                    },
                    "deposed": [],
                    "provider": "provider.alicloud"
                },
                "data.alicloud_zones.default": {
                    "type": "alicloud_zones",
                    "depends_on": [
                        "data.alicloud_instance_types.default"
                    ],
                    "primary": {
                        "id": "2617273017",
                        "attributes": {
                            "available_disk_category": "cloud_efficiency",
                            "available_instance_type": "ecs.n4.small",
                            "id": "2617273017",
                            "multi": "false",
                            "zones.#": "1",
                            "zones.0.available_disk_categories.#": "2",
                            "zones.0.available_disk_categories.0": "cloud_ssd",
                            "zones.0.available_disk_categories.1": "cloud_efficiency",
                            "zones.0.available_instance_types.#": "70",
                            "zones.0.available_instance_types.0": "ecs.c5.large",
                            "zones.0.available_instance_types.1": "ecs.gn5-c8g1.14xlarge",
                            "zones.0.available_instance_types.10": "ecs.t5-c1m2.2xlarge",
                            "zones.0.available_instance_types.11": "ecs.xn4.small",
                            "zones.0.available_instance_types.12": "ecs.c5.16xlarge",
                            "zones.0.available_instance_types.13": "ecs.gn5-c8g1.8xlarge",
                            "zones.0.available_instance_types.14": "ecs.d1ne.8xlarge",
                            "zones.0.available_instance_types.15": "ecs.sccgn5t.16xlarge",
                            "zones.0.available_instance_types.16": "ecs.mn4.large",
                            "zones.0.available_instance_types.17": "ecs.mn4.8xlarge",
                            "zones.0.available_instance_types.18": "ecs.mn4.2xlarge",
                            "zones.0.available_instance_types.19": "ecs.n4.2xlarge",
                            "zones.0.available_instance_types.2": "ecs.r5.large",
                            "zones.0.available_instance_types.20": "ecs.r5.22xlarge",
                            "zones.0.available_instance_types.21": "ecs.g5.large",
                            "zones.0.available_instance_types.22": "ecs.c5.8xlarge",
                            "zones.0.available_instance_types.23": "ecs.g5.22xlarge",
                            "zones.0.available_instance_types.24": "ecs.t5-lc1m2.small",
                            "zones.0.available_instance_types.25": "ecs.t5-c1m4.large",
                            "zones.0.available_instance_types.26": "ecs.n4.small",
                            "zones.0.available_instance_types.27": "ecs.gn5t.7xlarge",
                            "zones.0.available_instance_types.28": "ecs.t5-lc1m1.small",
                            "zones.0.available_instance_types.29": "ecs.ebmgn5t.10xlarge",
                            "zones.0.available_instance_types.3": "ecs.n4.4xlarge",
                            "zones.0.available_instance_types.30": "ecs.t5-c1m4.2xlarge",
                            "zones.0.available_instance_types.31": "ecs.t5-lc1m2.large",
                            "zones.0.available_instance_types.32": "ecs.g5.6xlarge",
                            "zones.0.available_instance_types.33": "ecs.t5-c1m2.large",
                            "zones.0.available_instance_types.34": "ecs.mn4.xlarge",
                            "zones.0.available_instance_types.35": "ecs.g5.3xlarge",
                            "zones.0.available_instance_types.36": "ecs.r5.2xlarge",
                            "zones.0.available_instance_types.37": "ecs.r5.4xlarge",
                            "zones.0.available_instance_types.38": "ecs.g5.4xlarge",
                            "zones.0.available_instance_types.39": "ecs.gn5-c8g1.4xlarge",
                            "zones.0.available_instance_types.4": "ecs.r5.xlarge",
                            "zones.0.available_instance_types.40": "ecs.d1ne.14xlarge",
                            "zones.0.available_instance_types.41": "ecs.g5.xlarge",
                            "zones.0.available_instance_types.42": "ecs.gn5-c8g1.2xlarge",
                            "zones.0.available_instance_types.43": "ecs.r5.8xlarge",
                            "zones.0.available_instance_types.44": "ecs.gn5t.14xlarge",
                            "zones.0.available_instance_types.45": "ecs.gn5t.4xlarge",
                            "zones.0.available_instance_types.46": "ecs.c5.3xlarge",
                            "zones.0.available_instance_types.47": "ecs.n4.8xlarge",
                            "zones.0.available_instance_types.48": "ecs.r5.3xlarge",
                            "zones.0.available_instance_types.49": "ecs.t5-c1m1.xlarge",
                            "zones.0.available_instance_types.5": "ecs.ebmgn5t.16xlarge",
                            "zones.0.available_instance_types.50": "ecs.t5-c1m4.xlarge",
                            "zones.0.available_instance_types.51": "ecs.d1ne.6xlarge",
                            "zones.0.available_instance_types.52": "ecs.n4.large",
                            "zones.0.available_instance_types.53": "ecs.c5.2xlarge",
                            "zones.0.available_instance_types.54": "ecs.c5.6xlarge",
                            "zones.0.available_instance_types.55": "ecs.g5.2xlarge",
                            "zones.0.available_instance_types.56": "ecs.t5-c1m1.4xlarge",
                            "zones.0.available_instance_types.57": "ecs.t5-lc1m4.large",
                            "zones.0.available_instance_types.58": "ecs.c5.4xlarge",
                            "zones.0.available_instance_types.59": "ecs.g5.16xlarge",
                            "zones.0.available_instance_types.6": "ecs.d1ne.4xlarge",
                            "zones.0.available_instance_types.60": "ecs.t5-c1m2.xlarge",
                            "zones.0.available_instance_types.61": "ecs.t5-c1m1.large",
                            "zones.0.available_instance_types.62": "ecs.t5-c1m1.2xlarge",
                            "zones.0.available_instance_types.63": "ecs.r5.6xlarge",
                            "zones.0.available_instance_types.64": "ecs.mn4.4xlarge",
                            "zones.0.available_instance_types.65": "ecs.c5.xlarge",
                            "zones.0.available_instance_types.66": "ecs.t5-lc2m1.nano",
                            "zones.0.available_instance_types.67": "ecs.d1ne.2xlarge",
                            "zones.0.available_instance_types.68": "ecs.mn4.small",
                            "zones.0.available_instance_types.69": "ecs.g5.8xlarge",
                            "zones.0.available_instance_types.7": "ecs.n4.xlarge",
                            "zones.0.available_instance_types.8": "ecs.r5.16xlarge",
                            "zones.0.available_instance_types.9": "ecs.t5-c1m2.4xlarge",
                            "zones.0.available_resource_creation.#": "5",
                            "zones.0.available_resource_creation.0": "IoOptimized",
                            "zones.0.available_resource_creation.1": "VSwitch",
                            "zones.0.available_resource_creation.2": "Instance",
                            "zones.0.available_resource_creation.3": "DedicatedHost",
                            "zones.0.available_resource_creation.4": "Disk",
                            "zones.0.id": "cn-huhehaote-a",
                            "zones.0.local_name": "华北5 可用区A"
                        },
                        "meta": {},
                        "tainted": false
                    },
                    "deposed": [],
                    "provider": "provider.alicloud"
                }
            },
            "depends_on": []
        }
    ]
}
